
Microsoft Visual Studio Solution File, Format Version 12.00
# Visual Studio Version 16
VisualStudioVersion = 16.0.31515.178
MinimumVisualStudioVersion = 10.0.40219.1
Project("{9A19103F-16F7-4668-BE54-9A1E7A4F7556}") = "MvvmCross.Plugin.Control", "MvvmCross.Plugin.Control\MvvmCross.Plugin.Control.csproj", "{CFE4F848-ADFF-4AF9-8ECD-970ADE6DBFA6}"
EndProject
Project("{9A19103F-16F7-4668-BE54-9A1E7A4F7556}") = "MvvmCross.Plugin.Control.Platforms.Wpf", "MvvmCross.Plugin.Control.Platforms.Wpf\MvvmCross.Plugin.Control.Platforms.Wpf.csproj", "{9D9D3335-29C6-4CF8-9892-E293E8CD9A9E}"
EndProject
Project("{9A19103F-16F7-4668-BE54-9A1E7A4F7556}") = "MvvmCross.Plugin.Control.Sample.Core", "MvvmCross.Plugin.Control.Sample.Core\MvvmCross.Plugin.Control.Sample.Core.csproj", "{7343076C-505F-434F-84DF-3EF8DB1C0A34}"
EndProject
Project("{9A19103F-16F7-4668-BE54-9A1E7A4F7556}") = "MvvmCross.Plugin.Control.Sample.Wpf", "MvvmCross.Plugin.Control.Sample.Wpf\MvvmCross.Plugin.Control.Sample.Wpf.csproj", "{D569CE63-5B97-43ED-A86E-3B528F950912}"
EndProject
Global
	GlobalSection(SolutionConfigurationPlatforms) = preSolution
		Debug|Any CPU = Debug|Any CPU
		Release|Any CPU = Release|Any CPU
	EndGlobalSection
	GlobalSection(ProjectConfigurationPlatforms) = postSolution
		{CFE4F848-ADFF-4AF9-8ECD-970ADE6DBFA6}.Debug|Any CPU.ActiveCfg = Debug|Any CPU
		{CFE4F848-ADFF-4AF9-8ECD-970ADE6DBFA6}.Debug|Any CPU.Build.0 = Debug|Any CPU
		{CFE4F848-ADFF-4AF9-8ECD-970ADE6DBFA6}.Release|Any CPU.ActiveCfg = Release|Any CPU
		{CFE4F848-ADFF-4AF9-8ECD-970ADE6DBFA6}.Release|Any CPU.Build.0 = Release|Any CPU
		{9D9D3335-29C6-4CF8-9892-E293E8CD9A9E}.Debug|Any CPU.ActiveCfg = Debug|Any CPU
		{9D9D3335-29C6-4CF8-9892-E293E8CD9A9E}.Debug|Any CPU.Build.0 = Debug|Any CPU
		{9D9D3335-29C6-4CF8-9892-E293E8CD9A9E}.Release|Any CPU.ActiveCfg = Release|Any CPU
		{9D9D3335-29C6-4CF8-9892-E293E8CD9A9E}.Release|Any CPU.Build.0 = Release|Any CPU
		{7343076C-505F-434F-84DF-3EF8DB1C0A34}.Debug|Any CPU.ActiveCfg = Debug|Any CPU
		{7343076C-505F-434F-84DF-3EF8DB1C0A34}.Debug|Any CPU.Build.0 = Debug|Any CPU
		{7343076C-505F-434F-84DF-3EF8DB1C0A34}.Release|Any CPU.ActiveCfg = Release|Any CPU
		{7343076C-505F-434F-84DF-3EF8DB1C0A34}.Release|Any CPU.Build.0 = Release|Any CPU
		{D569CE63-5B97-43ED-A86E-3B528F950912}.Debug|Any CPU.ActiveCfg = Debug|Any CPU
		{D569CE63-5B97-43ED-A86E-3B528F950912}.Debug|Any CPU.Build.0 = Debug|Any CPU
		{D569CE63-5B97-43ED-A86E-3B528F950912}.Release|Any CPU.ActiveCfg = Release|Any CPU
		{D569CE63-5B97-43ED-A86E-3B528F950912}.Release|Any CPU.Build.0 = Release|Any CPU
	EndGlobalSection
	GlobalSection(SolutionProperties) = preSolution
		HideSolutionNode = FALSE
	EndGlobalSection
	GlobalSection(ExtensibilityGlobals) = postSolution
		SolutionGuid = {63EE37CC-DC27-408D-974C-1E17A6772765}
	EndGlobalSection
EndGlobal
